
Microsoft Visual Studio Solution File, Format Version 10.00
# Visual Studio 2008
Project("{FAE04EC0-301F-11D3-BF4B-00C04F79EFBC}") = "TestWCFServer", "TestWCFServer\TestWCFServer.csproj", "{3030FC9D-EFD0-4D6C-8A27-0B7DBC9BEE26}"
EndProject
Project("{FAE04EC0-301F-11D3-BF4B-00C04F79EFBC}") = "TestWCFClient", "TestWCFClient\TestWCFClient.csproj", "{DEA25D24-4F69-4405-B39E-C20DB1C82160}"
EndProject
Global
	GlobalSection(SolutionConfigurationPlatforms) = preSolution
		Debug|Any CPU = Debug|Any CPU
		Release|Any CPU = Release|Any CPU
	EndGlobalSection
	GlobalSection(ProjectConfigurationPlatforms) = postSolution
		{3030FC9D-EFD0-4D6C-8A27-0B7DBC9BEE26}.Debug|Any CPU.ActiveCfg = Debug|Any CPU
		{3030FC9D-EFD0-4D6C-8A27-0B7DBC9BEE26}.Debug|Any CPU.Build.0 = Debug|Any CPU
		{3030FC9D-EFD0-4D6C-8A27-0B7DBC9BEE26}.Release|Any CPU.ActiveCfg = Release|Any CPU
		{3030FC9D-EFD0-4D6C-8A27-0B7DBC9BEE26}.Release|Any CPU.Build.0 = Release|Any CPU
		{DEA25D24-4F69-4405-B39E-C20DB1C82160}.Debug|Any CPU.ActiveCfg = Debug|Any CPU
		{DEA25D24-4F69-4405-B39E-C20DB1C82160}.Debug|Any CPU.Build.0 = Debug|Any CPU
		{DEA25D24-4F69-4405-B39E-C20DB1C82160}.Release|Any CPU.ActiveCfg = Release|Any CPU
		{DEA25D24-4F69-4405-B39E-C20DB1C82160}.Release|Any CPU.Build.0 = Release|Any CPU
	EndGlobalSection
	GlobalSection(SolutionProperties) = preSolution
		HideSolutionNode = FALSE
	EndGlobalSection
EndGlobal
